{
  "lockfile_version": "1",
  "packages": {
    "authelia@latest": {
      "last_modified": "2025-02-07T11:26:36Z",
      "resolved": "github:NixOS/nixpkgs/d98abf5cf5914e5e4e9d57205e3af55ca90ffc1d#authelia",
      "source": "devbox-search",
      "version": "4.38.18",
      "systems": {
        "aarch64-darwin": {
          "outputs": [
            {
              "name": "out",
              "path": "/nix/store/302qnwyd5ci4aphpg1kl8sbbgaxyv7p2-authelia-4.38.18",
              "default": true
            }
          ],
          "store_path": "/nix/store/302qnwyd5ci4aphpg1kl8sbbgaxyv7p2-authelia-4.38.18"
        },
        "aarch64-linux": {
          "outputs": [
            {
              "name": "out",
              "path": "/nix/store/w4r9c6dgapp5a5g4pmm0n8mvq92wnfap-authelia-4.38.18",
              "default": true
            }
          ],
          "store_path": "/nix/store/w4r9c6dgapp5a5g4pmm0n8mvq92wnfap-authelia-4.38.18"
        },
        "x86_64-darwin": {
          "outputs": [
            {
              "name": "out",
              "path": "/nix/store/zb313af3qhh8w77a6q4qxn4mmzklfdwl-authelia-4.38.18",
              "default": true
            }
          ],
          "store_path": "/nix/store/zb313af3qhh8w77a6q4qxn4mmzklfdwl-authelia-4.38.18"
        },
        "x86_64-linux": {
          "outputs": [
            {
              "name": "out",
              "path": "/nix/store/71mh3vvawxdfzfzxhjwkay89arzk01aa-authelia-4.38.18",
              "default": true
            }
          ],
          "store_path": "/nix/store/71mh3vvawxdfzfzxhjwkay89arzk01aa-authelia-4.38.18"
        }
      }
    },
    "backblaze-b2@latest": {
      "last_modified": "2025-02-17T23:19:04Z",
      "resolved": "github:NixOS/nixpkgs/f0295845e58ada369322524631821b01c0db13a7#backblaze-b2",
      "source": "devbox-search",
      "version": "4.3.0",
      "systems": {
        "aarch64-darwin": {
          "outputs": [
            {
              "name": "out",
              "path": "/nix/store/kh8hnalc8ixq1q9zddvyvl0226zyq937-backblaze-b2-4.3.0",
              "default": true
            },
            {
              "name": "dist",
              "path": "/nix/store/vm8yf7xvr5d0zkkmlaj72pm182jir13j-backblaze-b2-4.3.0-dist"
            }
          ],
          "store_path": "/nix/store/kh8hnalc8ixq1q9zddvyvl0226zyq937-backblaze-b2-4.3.0"
        },
        "aarch64-linux": {
          "outputs": [
            {
              "name": "out",
              "path": "/nix/store/fw27w4a9q38fhqkwi12biqrii0xv019b-backblaze-b2-4.3.0",
              "default": true
            },
            {
              "name": "dist",
              "path": "/nix/store/xvwkfwlq8qd9p4vb31vfxxfv3y33vr9c-backblaze-b2-4.3.0-dist"
            }
          ],
          "store_path": "/nix/store/fw27w4a9q38fhqkwi12biqrii0xv019b-backblaze-b2-4.3.0"
        },
        "x86_64-darwin": {
          "outputs": [
            {
              "name": "out",
              "path": "/nix/store/hvi9lzdjpf8xmwwq98kbmc8yxgw5p89j-backblaze-b2-4.3.0",
              "default": true
            },
            {
              "name": "dist",
              "path": "/nix/store/51sd5gmv5mbw1w5lp95wiivdcxhdll6y-backblaze-b2-4.3.0-dist"
            }
          ],
          "store_path": "/nix/store/hvi9lzdjpf8xmwwq98kbmc8yxgw5p89j-backblaze-b2-4.3.0"
        },
        "x86_64-linux": {
          "outputs": [
            {
              "name": "out",
              "path": "/nix/store/0mz15ngf2k2lhan4z151r1hl53klkngr-backblaze-b2-4.3.0",
              "default": true
            },
            {
              "name": "dist",
              "path": "/nix/store/9nqcpk9lg89xryba8rmgsy3rc1fba6wz-backblaze-b2-4.3.0-dist"
            }
          ],
          "store_path": "/nix/store/0mz15ngf2k2lhan4z151r1hl53klkngr-backblaze-b2-4.3.0"
        }
      }
    },
    "checkov@3.2.393": {
      "last_modified": "2025-03-27T11:50:31Z",
      "resolved": "github:NixOS/nixpkgs/6c5963357f3c1c840201eda129a99d455074db04#checkov",
      "source": "devbox-search",
      "version": "3.2.393",
      "systems": {
        "aarch64-darwin": {
          "outputs": [
            {
              "name": "out",
              "path": "/nix/store/m1fpdm6qwqizr5dbqms72wv2m86d8m6k-checkov-3.2.393",
              "default": true
            },
            {
              "name": "dist",
              "path": "/nix/store/gblbqpai1aqpfhd8d6mfn2pndzxg8d1i-checkov-3.2.393-dist"
            }
          ],
          "store_path": "/nix/store/m1fpdm6qwqizr5dbqms72wv2m86d8m6k-checkov-3.2.393"
        },
        "aarch64-linux": {
          "outputs": [
            {
              "name": "out",
              "path": "/nix/store/iv6xwlza1x4blh1kjjny512j15wpzlsl-checkov-3.2.393",
              "default": true
            },
            {
              "name": "dist",
              "path": "/nix/store/41yb3arxb5l5li6b1a6n7nf468y9hcfr-checkov-3.2.393-dist"
            }
          ],
          "store_path": "/nix/store/iv6xwlza1x4blh1kjjny512j15wpzlsl-checkov-3.2.393"
        },
        "x86_64-darwin": {
          "outputs": [
            {
              "name": "out",
              "path": "/nix/store/0l7967hxws2q3lfi6d4pa1vpmbz660hp-checkov-3.2.393",
              "default": true
            },
            {
              "name": "dist",
              "path": "/nix/store/10kawzkp997yzlqbj3q1xvpsapzykn55-checkov-3.2.393-dist"
            }
          ],
          "store_path": "/nix/store/0l7967hxws2q3lfi6d4pa1vpmbz660hp-checkov-3.2.393"
        },
        "x86_64-linux": {
          "outputs": [
            {
              "name": "out",
              "path": "/nix/store/8pjz56xxkfp9kwhjygh482k3xwz5q6a6-checkov-3.2.393",
              "default": true
            },
            {
              "name": "dist",
              "path": "/nix/store/m5viypg4qw2y6qnzmkllx273j3nmj43b-checkov-3.2.393-dist"
            }
          ],
          "store_path": "/nix/store/8pjz56xxkfp9kwhjygh482k3xwz5q6a6-checkov-3.2.393"
        }
      }
    },
    "direnv@latest": {
      "last_modified": "2024-10-13T23:44:06Z",
      "resolved": "github:NixOS/nixpkgs/d4f247e89f6e10120f911e2e2d2254a050d0f732#direnv",
      "source": "devbox-search",
      "version": "2.35.0",
      "systems": {
        "aarch64-darwin": {
          "outputs": [
            {
              "name": "out",
              "path": "/nix/store/9734qgsb6avrx8njsgqy86yanwz4z6p0-direnv-2.35.0",
              "default": true
            }
          ],
          "store_path": "/nix/store/9734qgsb6avrx8njsgqy86yanwz4z6p0-direnv-2.35.0"
        },
        "aarch64-linux": {
          "outputs": [
            {
              "name": "out",
              "path": "/nix/store/48l7ksh3q2n7k44ki3llmwb9bvk5dm02-direnv-2.35.0",
              "default": true
            }
          ],
          "store_path": "/nix/store/48l7ksh3q2n7k44ki3llmwb9bvk5dm02-direnv-2.35.0"
        },
        "x86_64-darwin": {
          "outputs": [
            {
              "name": "out",
              "path": "/nix/store/hkwxwnk8vyhj82j6yqjp83byqxfcyvb5-direnv-2.35.0",
              "default": true
            }
          ],
          "store_path": "/nix/store/hkwxwnk8vyhj82j6yqjp83byqxfcyvb5-direnv-2.35.0"
        },
        "x86_64-linux": {
          "outputs": [
            {
              "name": "out",
              "path": "/nix/store/3mydh7746lji25ry2aygsy5i4s0i23x2-direnv-2.35.0",
              "default": true
            }
          ],
          "store_path": "/nix/store/3mydh7746lji25ry2aygsy5i4s0i23x2-direnv-2.35.0"
        }
      }
    },
    "infisical@latest": {
      "last_modified": "2025-03-11T17:52:14Z",
      "resolved": "github:NixOS/nixpkgs/0d534853a55b5d02a4ababa1d71921ce8f0aee4c#infisical",
      "source": "devbox-search",
      "version": "0.35.0",
      "systems": {
        "aarch64-darwin": {
          "outputs": [
            {
              "name": "out",
              "path": "/nix/store/6p1d3cwp7qrydqqp72jigpr9ywv3b946-infisical-0.35.0",
              "default": true
            }
          ],
          "store_path": "/nix/store/6p1d3cwp7qrydqqp72jigpr9ywv3b946-infisical-0.35.0"
        },
        "aarch64-linux": {
          "outputs": [
            {
              "name": "out",
              "path": "/nix/store/8b5pri2xgybdnz59zj933wv0i6k4vqm4-infisical-0.35.0",
              "default": true
            }
          ],
          "store_path": "/nix/store/8b5pri2xgybdnz59zj933wv0i6k4vqm4-infisical-0.35.0"
        },
        "x86_64-darwin": {
          "outputs": [
            {
              "name": "out",
              "path": "/nix/store/f41lrp906n0113571k72g0n9znsnjcyj-infisical-0.35.0",
              "default": true
            }
          ],
          "store_path": "/nix/store/f41lrp906n0113571k72g0n9znsnjcyj-infisical-0.35.0"
        },
        "x86_64-linux": {
          "outputs": [
            {
              "name": "out",
              "path": "/nix/store/y9x6bgfnaxic8jdczdmvq3g1hn65vi3y-infisical-0.35.0",
              "default": true
            }
          ],
          "store_path": "/nix/store/y9x6bgfnaxic8jdczdmvq3g1hn65vi3y-infisical-0.35.0"
        }
      }
    },
    "jq@latest": {
      "last_modified": "2024-10-18T15:35:18Z",
      "resolved": "github:NixOS/nixpkgs/ccc0c2126893dd20963580b6478d1a10a4512185#jq",
      "source": "devbox-search",
      "version": "1.7.1",
      "systems": {
        "aarch64-darwin": {
          "outputs": [
            {
              "name": "bin",
              "path": "/nix/store/kkfa84h1sd7496mydwhnnqf0kdbgc0fa-jq-1.7.1-bin",
              "default": true
            },
            {
              "name": "man",
              "path": "/nix/store/x66c6grvwcaidz90mzgxiyg6r0qssybq-jq-1.7.1-man",
              "default": true
            },
            {
              "name": "dev",
              "path": "/nix/store/q280g2yxhw4zin5cfm77gvq72b5p9kmi-jq-1.7.1-dev"
            },
            {
              "name": "doc",
              "path": "/nix/store/668jid954q2jk52wabckqmhj0jpwn819-jq-1.7.1-doc"
            },
            {
              "name": "lib",
              "path": "/nix/store/jlrm2b88xr9i5rcib7k8zs2wpr99iwwq-jq-1.7.1-lib"
            },
            {
              "name": "out",
              "path": "/nix/store/vmnfldwzmfx34xaqa1fbsv9zcdwfc22y-jq-1.7.1"
            }
          ],
          "store_path": "/nix/store/kkfa84h1sd7496mydwhnnqf0kdbgc0fa-jq-1.7.1-bin"
        },
        "aarch64-linux": {
          "outputs": [
            {
              "name": "bin",
              "path": "/nix/store/ahpilzy1f17m9c7kbjvv7576zzbyy6qi-jq-1.7.1-bin",
              "default": true
            },
            {
              "name": "man",
              "path": "/nix/store/q4p9qaif44i4saks3vinfz2rmb0v9y7l-jq-1.7.1-man",
              "default": true
            },
            {
              "name": "dev",
              "path": "/nix/store/brrdfqm4lvgyb273wj1nnp5497q52gh1-jq-1.7.1-dev"
            },
            {
              "name": "doc",
              "path": "/nix/store/cmq38fl372l8lwxafqzl6cz4m3syvksw-jq-1.7.1-doc"
            },
            {
              "name": "lib",
              "path": "/nix/store/8xhqcza8rphrzmam4s8iwcpcxw0wplz9-jq-1.7.1-lib"
            },
            {
              "name": "out",
              "path": "/nix/store/ykwd69vhal2nlqrz9fjp2llcc86qqn03-jq-1.7.1"
            }
          ],
          "store_path": "/nix/store/ahpilzy1f17m9c7kbjvv7576zzbyy6qi-jq-1.7.1-bin"
        },
        "x86_64-darwin": {
          "outputs": [
            {
              "name": "bin",
              "path": "/nix/store/4x2l3ik7jcxp50fjydhwc79rk2gywpvy-jq-1.7.1-bin",
              "default": true
            },
            {
              "name": "man",
              "path": "/nix/store/apn118f0m6sj8lacqia105n16zsd1kwc-jq-1.7.1-man",
              "default": true
            },
            {
              "name": "dev",
              "path": "/nix/store/1sx3gvxj99s43akr3cab0c8fqpxg38a9-jq-1.7.1-dev"
            },
            {
              "name": "doc",
              "path": "/nix/store/a9z5vgyap84a7w75zcn8khc6r8x8fjfp-jq-1.7.1-doc"
            },
            {
              "name": "lib",
              "path": "/nix/store/5vrryfk2lyr6a1kfp5blag5nw2344gzf-jq-1.7.1-lib"
            },
            {
              "name": "out",
              "path": "/nix/store/q84a2fwgbzx706g9h8jwwq0i2h97bm0y-jq-1.7.1"
            }
          ],
          "store_path": "/nix/store/4x2l3ik7jcxp50fjydhwc79rk2gywpvy-jq-1.7.1-bin"
        },
        "x86_64-linux": {
          "outputs": [
            {
              "name": "bin",
              "path": "/nix/store/v0azfsqv58llx12jal5ngx3mj0rj7km6-jq-1.7.1-bin",
              "default": true
            },
            {
              "name": "man",
              "path": "/nix/store/wf6x2kh1m16nhbipglxiaazsa27ni58f-jq-1.7.1-man",
              "default": true
            },
            {
              "name": "out",
              "path": "/nix/store/wxxab7hxdagljsbcz2ma44mml0nv1jx0-jq-1.7.1"
            },
            {
              "name": "dev",
              "path": "/nix/store/3bg50gaw9hy1igq3sv4gndnvfmhwjgff-jq-1.7.1-dev"
            },
            {
              "name": "doc",
              "path": "/nix/store/sw45lawqiv53pc7pwv07bc7d8yhmya5a-jq-1.7.1-doc"
            },
            {
              "name": "lib",
              "path": "/nix/store/23jnqnvphk91kylc3gqcpdfy0m0ldz2j-jq-1.7.1-lib"
            }
          ],
          "store_path": "/nix/store/v0azfsqv58llx12jal5ngx3mj0rj7km6-jq-1.7.1-bin"
        }
      }
    },
    "kapp@latest": {
      "last_modified": "2025-01-19T08:16:51Z",
      "resolved": "github:NixOS/nixpkgs/50165c4f7eb48ce82bd063e1fb8047a0f515f8ce#kapp",
      "source": "devbox-search",
      "version": "0.64.0",
      "systems": {
        "aarch64-darwin": {
          "outputs": [
            {
              "name": "out",
              "path": "/nix/store/fr57yi9vrwjji298p708ssns066c0zpy-kapp-0.64.0",
              "default": true
            }
          ],
          "store_path": "/nix/store/fr57yi9vrwjji298p708ssns066c0zpy-kapp-0.64.0"
        },
        "aarch64-linux": {
          "outputs": [
            {
              "name": "out",
              "path": "/nix/store/qp2p5lklbi347bavlhcnvbl4snlbfgar-kapp-0.64.0",
              "default": true
            }
          ],
          "store_path": "/nix/store/qp2p5lklbi347bavlhcnvbl4snlbfgar-kapp-0.64.0"
        },
        "x86_64-darwin": {
          "outputs": [
            {
              "name": "out",
              "path": "/nix/store/ksp4fxqmm89jfv10ga9zaif32gk127sf-kapp-0.64.0",
              "default": true
            }
          ],
          "store_path": "/nix/store/ksp4fxqmm89jfv10ga9zaif32gk127sf-kapp-0.64.0"
        },
        "x86_64-linux": {
          "outputs": [
            {
              "name": "out",
              "path": "/nix/store/4ilps2hds48zb2inrk1zv2ck9gzjq382-kapp-0.64.0",
              "default": true
            }
          ],
          "store_path": "/nix/store/4ilps2hds48zb2inrk1zv2ck9gzjq382-kapp-0.64.0"
        }
      }
    },
    "kubectl@1.32.2": {
      "last_modified": "2025-02-16T00:50:12Z",
      "resolved": "github:NixOS/nixpkgs/1dcdd535fef84d4671129a10e7072d56dca9a4d3#kubectl",
      "source": "devbox-search",
      "version": "1.32.2",
      "systems": {
        "aarch64-darwin": {
          "outputs": [
            {
              "name": "out",
              "path": "/nix/store/fdg47848h1jm48dvq34vzjx7pxipipyj-kubectl-1.32.2",
              "default": true
            },
            {
              "name": "man",
              "path": "/nix/store/nwpq48a67gn7xvma4k76wa3dl5qpc9jw-kubectl-1.32.2-man",
              "default": true
            },
            {
              "name": "convert",
              "path": "/nix/store/2l56gryy2lc3bxd1k28d606r23872vj1-kubectl-1.32.2-convert"
            }
          ],
          "store_path": "/nix/store/fdg47848h1jm48dvq34vzjx7pxipipyj-kubectl-1.32.2"
        },
        "aarch64-linux": {
          "outputs": [
            {
              "name": "out",
              "path": "/nix/store/m61xkgm5dj0k73rai9vdw0qscwix0jhq-kubectl-1.32.2",
              "default": true
            },
            {
              "name": "man",
              "path": "/nix/store/d1pxmj1z2mbpybd8dnijfpii786q6h5r-kubectl-1.32.2-man",
              "default": true
            },
            {
              "name": "convert",
              "path": "/nix/store/jnngkla61ssihs45xf8jhss7b0i5rmgr-kubectl-1.32.2-convert"
            }
          ],
          "store_path": "/nix/store/m61xkgm5dj0k73rai9vdw0qscwix0jhq-kubectl-1.32.2"
        },
        "x86_64-darwin": {
          "outputs": [
            {
              "name": "out",
              "path": "/nix/store/b2js0qn4da3bl7xi06q5prx27gd5fch8-kubectl-1.32.2",
              "default": true
            },
            {
              "name": "man",
              "path": "/nix/store/97yz99gy3hg69b6jjaqi01126ld5hgpl-kubectl-1.32.2-man",
              "default": true
            },
            {
              "name": "convert",
              "path": "/nix/store/1cr7phxn688by6bgzrpr5x6pv29dzknp-kubectl-1.32.2-convert"
            }
          ],
          "store_path": "/nix/store/b2js0qn4da3bl7xi06q5prx27gd5fch8-kubectl-1.32.2"
        },
        "x86_64-linux": {
          "outputs": [
            {
              "name": "out",
              "path": "/nix/store/d4hd150ffhnayv270mpacjkv57agyxyd-kubectl-1.32.2",
              "default": true
            },
            {
              "name": "man",
              "path": "/nix/store/37p1rr7vy6kmfhih65p6lvwc1cx64z6x-kubectl-1.32.2-man",
              "default": true
            },
            {
              "name": "convert",
              "path": "/nix/store/9ydig9bf3sgbsgxi06jw1128cdrpvfm1-kubectl-1.32.2-convert"
            }
          ],
          "store_path": "/nix/store/d4hd150ffhnayv270mpacjkv57agyxyd-kubectl-1.32.2"
        }
      }
    },
    "kubernetes-helm@latest": {
      "last_modified": "2024-10-26T14:05:56Z",
      "resolved": "github:NixOS/nixpkgs/4e0eec54db79d4d0909f45a88037210ff8eaffee#kubernetes-helm",
      "source": "devbox-search",
      "version": "3.16.2",
      "systems": {
        "aarch64-darwin": {
          "outputs": [
            {
              "name": "out",
              "path": "/nix/store/idlvhs4zs349wf77znrxxyshvcp4bd9l-kubernetes-helm-3.16.2",
              "default": true
            }
          ],
          "store_path": "/nix/store/idlvhs4zs349wf77znrxxyshvcp4bd9l-kubernetes-helm-3.16.2"
        },
        "aarch64-linux": {
          "outputs": [
            {
              "name": "out",
              "path": "/nix/store/6mn1p7dq1x7cp29jf7jrzk45l4zc39xa-kubernetes-helm-3.16.2",
              "default": true
            }
          ],
          "store_path": "/nix/store/6mn1p7dq1x7cp29jf7jrzk45l4zc39xa-kubernetes-helm-3.16.2"
        },
        "x86_64-darwin": {
          "outputs": [
            {
              "name": "out",
              "path": "/nix/store/ms18g5bs5xpzncxgkm89xa9s33g5zcpr-kubernetes-helm-3.16.2",
              "default": true
            }
          ],
          "store_path": "/nix/store/ms18g5bs5xpzncxgkm89xa9s33g5zcpr-kubernetes-helm-3.16.2"
        },
        "x86_64-linux": {
          "outputs": [
            {
              "name": "out",
              "path": "/nix/store/d54j0f8sr1mmkwhlvq8y7148vm4qlivd-kubernetes-helm-3.16.2",
              "default": true
            }
          ],
          "store_path": "/nix/store/d54j0f8sr1mmkwhlvq8y7148vm4qlivd-kubernetes-helm-3.16.2"
        }
      }
    },
    "kustomize@latest": {
      "last_modified": "2024-10-17T04:50:07Z",
      "resolved": "github:NixOS/nixpkgs/1bde3e8e37a72989d4d455adde764d45f45dc11c#kustomize",
      "source": "devbox-search",
      "version": "5.5.0",
      "systems": {
        "aarch64-darwin": {
          "outputs": [
            {
              "name": "out",
              "path": "/nix/store/q3ii4n7p6n78bc28c87b8392rrbhmf7p-kustomize-5.5.0",
              "default": true
            }
          ],
          "store_path": "/nix/store/q3ii4n7p6n78bc28c87b8392rrbhmf7p-kustomize-5.5.0"
        },
        "aarch64-linux": {
          "outputs": [
            {
              "name": "out",
              "path": "/nix/store/kmgac3ra8d87xm6yfry4wm3n81srhvw1-kustomize-5.5.0",
              "default": true
            }
          ],
          "store_path": "/nix/store/kmgac3ra8d87xm6yfry4wm3n81srhvw1-kustomize-5.5.0"
        },
        "x86_64-darwin": {
          "outputs": [
            {
              "name": "out",
              "path": "/nix/store/56icb6vp8s4scq3fk9dx8l76vrg70l70-kustomize-5.5.0",
              "default": true
            }
          ],
          "store_path": "/nix/store/56icb6vp8s4scq3fk9dx8l76vrg70l70-kustomize-5.5.0"
        },
        "x86_64-linux": {
          "outputs": [
            {
              "name": "out",
              "path": "/nix/store/7xnnkvr10l95hd617mgcbag56frrxma4-kustomize-5.5.0",
              "default": true
            }
          ],
          "store_path": "/nix/store/7xnnkvr10l95hd617mgcbag56frrxma4-kustomize-5.5.0"
        }
      }
    },
    "pre-commit@latest": {
      "last_modified": "2024-10-16T02:16:09Z",
      "resolved": "github:NixOS/nixpkgs/70cc7b62f2b448a487de36e1fd714693c59c4719#pre-commit",
      "source": "devbox-search",
      "version": "3.7.1",
      "systems": {
        "aarch64-darwin": {
          "outputs": [
            {
              "name": "out",
              "path": "/nix/store/flzj4pzl43m29ml7brh4gabw9rxrvrml-pre-commit-3.7.1",
              "default": true
            },
            {
              "name": "dist",
              "path": "/nix/store/87dhz8r6jwy3487h78bbivhw9mg8g8h9-pre-commit-3.7.1-dist"
            }
          ],
          "store_path": "/nix/store/flzj4pzl43m29ml7brh4gabw9rxrvrml-pre-commit-3.7.1"
        },
        "aarch64-linux": {
          "outputs": [
            {
              "name": "out",
              "path": "/nix/store/jddjbmxg9rlawirkr8pg9dlj0xma9w1q-pre-commit-3.7.1",
              "default": true
            },
            {
              "name": "dist",
              "path": "/nix/store/2lpy8sfhcnn33ia5c77g5gyg1zz6b0qg-pre-commit-3.7.1-dist"
            }
          ],
          "store_path": "/nix/store/jddjbmxg9rlawirkr8pg9dlj0xma9w1q-pre-commit-3.7.1"
        },
        "x86_64-darwin": {
          "outputs": [
            {
              "name": "out",
              "path": "/nix/store/2ycxh3vvj0b1bk2pgj84jg88l49hbwq3-pre-commit-3.7.1",
              "default": true
            },
            {
              "name": "dist",
              "path": "/nix/store/0wfmhzk48ziaw6vd26shy5mjazg9qsjc-pre-commit-3.7.1-dist"
            }
          ],
          "store_path": "/nix/store/2ycxh3vvj0b1bk2pgj84jg88l49hbwq3-pre-commit-3.7.1"
        },
        "x86_64-linux": {
          "outputs": [
            {
              "name": "out",
              "path": "/nix/store/zp9vk1y2fzlavzaz67ikipgh9hq58pxr-pre-commit-3.7.1",
              "default": true
            },
            {
              "name": "dist",
              "path": "/nix/store/k3hc0dqi88iik1n1kjc9ddp6rf9wp11v-pre-commit-3.7.1-dist"
            }
          ],
          "store_path": "/nix/store/zp9vk1y2fzlavzaz67ikipgh9hq58pxr-pre-commit-3.7.1"
        }
      }
    },
    "redis@latest": {
      "last_modified": "2025-03-11T17:52:14Z",
      "plugin_version": "0.0.2",
      "resolved": "github:NixOS/nixpkgs/0d534853a55b5d02a4ababa1d71921ce8f0aee4c#redis",
      "source": "devbox-search",
      "version": "7.2.7",
      "systems": {
        "aarch64-darwin": {
          "outputs": [
            {
              "name": "out",
              "path": "/nix/store/ply7r11kz4zfg72axd21vb6kbv9y190d-redis-7.2.7",
              "default": true
            }
          ],
          "store_path": "/nix/store/ply7r11kz4zfg72axd21vb6kbv9y190d-redis-7.2.7"
        },
        "aarch64-linux": {
          "outputs": [
            {
              "name": "out",
              "path": "/nix/store/n1alqs7aih1wlshy8w6l2pf0fmijbv4d-redis-7.2.7",
              "default": true
            }
          ],
          "store_path": "/nix/store/n1alqs7aih1wlshy8w6l2pf0fmijbv4d-redis-7.2.7"
        },
        "x86_64-darwin": {
          "outputs": [
            {
              "name": "out",
              "path": "/nix/store/3vrnzzf62hy78xrn8hqvazhpwmrs1mg7-redis-7.2.7",
              "default": true
            }
          ],
          "store_path": "/nix/store/3vrnzzf62hy78xrn8hqvazhpwmrs1mg7-redis-7.2.7"
        },
        "x86_64-linux": {
          "outputs": [
            {
              "name": "out",
              "path": "/nix/store/vg2a4665d9r01ibiz4dsw6hcrdjfnm8z-redis-7.2.7",
              "default": true
            }
          ],
          "store_path": "/nix/store/vg2a4665d9r01ibiz4dsw6hcrdjfnm8z-redis-7.2.7"
        }
      }
    },
    "talosctl@1.9.4": {
      "last_modified": "2025-02-16T09:28:34Z",
      "resolved": "github:NixOS/nixpkgs/b1b43d32be000928cc71250ed77f4a0a5f2bc23a#talosctl",
      "source": "devbox-search",
      "version": "1.9.4",
      "systems": {
        "aarch64-darwin": {
          "outputs": [
            {
              "name": "out",
              "path": "/nix/store/zsznfslww8g9d8zzhkpwbka2148g7kwb-talosctl-1.9.4",
              "default": true
            }
          ],
          "store_path": "/nix/store/zsznfslww8g9d8zzhkpwbka2148g7kwb-talosctl-1.9.4"
        },
        "aarch64-linux": {
          "outputs": [
            {
              "name": "out",
              "path": "/nix/store/jqqx7c2ka165vrgyzypcmaxf65hfsv5p-talosctl-1.9.4",
              "default": true
            }
          ],
          "store_path": "/nix/store/jqqx7c2ka165vrgyzypcmaxf65hfsv5p-talosctl-1.9.4"
        },
        "x86_64-darwin": {
          "outputs": [
            {
              "name": "out",
              "path": "/nix/store/fakcbp41sbsgby18xa4iv330n7had3hf-talosctl-1.9.4",
              "default": true
            }
          ],
          "store_path": "/nix/store/fakcbp41sbsgby18xa4iv330n7had3hf-talosctl-1.9.4"
        },
        "x86_64-linux": {
          "outputs": [
            {
              "name": "out",
              "path": "/nix/store/p0d4hp4jwjbp11fjbkmikkk8ipwsji24-talosctl-1.9.4",
              "default": true
            }
          ],
          "store_path": "/nix/store/p0d4hp4jwjbp11fjbkmikkk8ipwsji24-talosctl-1.9.4"
        }
      }
    },
    "yamllint@latest": {
      "last_modified": "2024-10-13T23:44:06Z",
      "resolved": "github:NixOS/nixpkgs/d4f247e89f6e10120f911e2e2d2254a050d0f732#yamllint",
      "source": "devbox-search",
      "version": "1.35.1",
      "systems": {
        "aarch64-darwin": {
          "outputs": [
            {
              "name": "out",
              "path": "/nix/store/xirbp72qqmvr3bcagh5haha5s7a99m0k-python3.12-yamllint-1.35.1",
              "default": true
            },
            {
              "name": "dist",
              "path": "/nix/store/6k3h509hwsrv5w6qcrskjydxfy0y1mdj-python3.12-yamllint-1.35.1-dist"
            }
          ],
          "store_path": "/nix/store/xirbp72qqmvr3bcagh5haha5s7a99m0k-python3.12-yamllint-1.35.1"
        },
        "aarch64-linux": {
          "outputs": [
            {
              "name": "out",
              "path": "/nix/store/dq896v1yc0jm7c560cfyg3lcdiv5gnvf-python3.12-yamllint-1.35.1",
              "default": true
            },
            {
              "name": "dist",
              "path": "/nix/store/6hh3gx8xcrksbczvk1n105lk2c9s7aq6-python3.12-yamllint-1.35.1-dist"
            }
          ],
          "store_path": "/nix/store/dq896v1yc0jm7c560cfyg3lcdiv5gnvf-python3.12-yamllint-1.35.1"
        },
        "x86_64-darwin": {
          "outputs": [
            {
              "name": "out",
              "path": "/nix/store/3vnklgsmqslbx4bpsfymsjpqiwmcy6qb-python3.12-yamllint-1.35.1",
              "default": true
            },
            {
              "name": "dist",
              "path": "/nix/store/5ns6js95dkdl2ljjixvvdpy047cjvj4m-python3.12-yamllint-1.35.1-dist"
            }
          ],
          "store_path": "/nix/store/3vnklgsmqslbx4bpsfymsjpqiwmcy6qb-python3.12-yamllint-1.35.1"
        },
        "x86_64-linux": {
          "outputs": [
            {
              "name": "out",
              "path": "/nix/store/9d36gya918jakxl7a7xsf55qnjgnx3nd-python3.12-yamllint-1.35.1",
              "default": true
            },
            {
              "name": "dist",
              "path": "/nix/store/d8wah9g42d88crrq1bmpnaa2cq4nhqcz-python3.12-yamllint-1.35.1-dist"
            }
          ],
          "store_path": "/nix/store/9d36gya918jakxl7a7xsf55qnjgnx3nd-python3.12-yamllint-1.35.1"
        }
      }
    },
    "yq-go@latest": {
      "last_modified": "2024-11-17T04:10:55Z",
      "resolved": "github:NixOS/nixpkgs/0a14706530dcb90acecb81ce0da219d88baaae75#yq-go",
      "source": "devbox-search",
      "version": "4.44.5",
      "systems": {
        "aarch64-darwin": {
          "outputs": [
            {
              "name": "out",
              "path": "/nix/store/xk2ypndx28w4dmvz69qgsv4y1xj14zr5-yq-go-4.44.5",
              "default": true
            }
          ],
          "store_path": "/nix/store/xk2ypndx28w4dmvz69qgsv4y1xj14zr5-yq-go-4.44.5"
        },
        "aarch64-linux": {
          "outputs": [
            {
              "name": "out",
              "path": "/nix/store/q1hdxc2zgzij7gxpv5g7cjq1j6ibzmxl-yq-go-4.44.5",
              "default": true
            }
          ],
          "store_path": "/nix/store/q1hdxc2zgzij7gxpv5g7cjq1j6ibzmxl-yq-go-4.44.5"
        },
        "x86_64-darwin": {
          "outputs": [
            {
              "name": "out",
              "path": "/nix/store/r7y0xb4pkdp2rdw0a0db06f84rwi4pri-yq-go-4.44.5",
              "default": true
            }
          ],
          "store_path": "/nix/store/r7y0xb4pkdp2rdw0a0db06f84rwi4pri-yq-go-4.44.5"
        },
        "x86_64-linux": {
          "outputs": [
            {
              "name": "out",
              "path": "/nix/store/i4x11x3x4x8kn416h734jnxdbh8fdxil-yq-go-4.44.5",
              "default": true
            }
          ],
          "store_path": "/nix/store/i4x11x3x4x8kn416h734jnxdbh8fdxil-yq-go-4.44.5"
        }
      }
    }
  }
}
