{
  "lockfile_version": "1",
  "packages": {
    "direnv@latest": {
      "last_modified": "2024-10-13T23:44:06Z",
      "resolved": "github:NixOS/nixpkgs/d4f247e89f6e10120f911e2e2d2254a050d0f732#direnv",
      "source": "devbox-search",
      "version": "2.35.0",
      "systems": {
        "aarch64-darwin": {
          "outputs": [
            {
              "name": "out",
              "path": "/nix/store/9734qgsb6avrx8njsgqy86yanwz4z6p0-direnv-2.35.0",
              "default": true
            }
          ],
          "store_path": "/nix/store/9734qgsb6avrx8njsgqy86yanwz4z6p0-direnv-2.35.0"
        },
        "aarch64-linux": {
          "outputs": [
            {
              "name": "out",
              "path": "/nix/store/48l7ksh3q2n7k44ki3llmwb9bvk5dm02-direnv-2.35.0",
              "default": true
            }
          ],
          "store_path": "/nix/store/48l7ksh3q2n7k44ki3llmwb9bvk5dm02-direnv-2.35.0"
        },
        "x86_64-darwin": {
          "outputs": [
            {
              "name": "out",
              "path": "/nix/store/hkwxwnk8vyhj82j6yqjp83byqxfcyvb5-direnv-2.35.0",
              "default": true
            }
          ],
          "store_path": "/nix/store/hkwxwnk8vyhj82j6yqjp83byqxfcyvb5-direnv-2.35.0"
        },
        "x86_64-linux": {
          "outputs": [
            {
              "name": "out",
              "path": "/nix/store/3mydh7746lji25ry2aygsy5i4s0i23x2-direnv-2.35.0",
              "default": true
            }
          ],
          "store_path": "/nix/store/3mydh7746lji25ry2aygsy5i4s0i23x2-direnv-2.35.0"
        }
      }
    },
    "jq@latest": {
      "last_modified": "2024-10-18T15:35:18Z",
      "resolved": "github:NixOS/nixpkgs/ccc0c2126893dd20963580b6478d1a10a4512185#jq",
      "source": "devbox-search",
      "version": "1.7.1",
      "systems": {
        "aarch64-darwin": {
          "outputs": [
            {
              "name": "bin",
              "path": "/nix/store/kkfa84h1sd7496mydwhnnqf0kdbgc0fa-jq-1.7.1-bin",
              "default": true
            },
            {
              "name": "man",
              "path": "/nix/store/x66c6grvwcaidz90mzgxiyg6r0qssybq-jq-1.7.1-man",
              "default": true
            },
            {
              "name": "dev",
              "path": "/nix/store/q280g2yxhw4zin5cfm77gvq72b5p9kmi-jq-1.7.1-dev"
            },
            {
              "name": "doc",
              "path": "/nix/store/668jid954q2jk52wabckqmhj0jpwn819-jq-1.7.1-doc"
            },
            {
              "name": "lib",
              "path": "/nix/store/jlrm2b88xr9i5rcib7k8zs2wpr99iwwq-jq-1.7.1-lib"
            },
            {
              "name": "out",
              "path": "/nix/store/vmnfldwzmfx34xaqa1fbsv9zcdwfc22y-jq-1.7.1"
            }
          ],
          "store_path": "/nix/store/kkfa84h1sd7496mydwhnnqf0kdbgc0fa-jq-1.7.1-bin"
        },
        "aarch64-linux": {
          "outputs": [
            {
              "name": "bin",
              "path": "/nix/store/ahpilzy1f17m9c7kbjvv7576zzbyy6qi-jq-1.7.1-bin",
              "default": true
            },
            {
              "name": "man",
              "path": "/nix/store/q4p9qaif44i4saks3vinfz2rmb0v9y7l-jq-1.7.1-man",
              "default": true
            },
            {
              "name": "dev",
              "path": "/nix/store/brrdfqm4lvgyb273wj1nnp5497q52gh1-jq-1.7.1-dev"
            },
            {
              "name": "doc",
              "path": "/nix/store/cmq38fl372l8lwxafqzl6cz4m3syvksw-jq-1.7.1-doc"
            },
            {
              "name": "lib",
              "path": "/nix/store/8xhqcza8rphrzmam4s8iwcpcxw0wplz9-jq-1.7.1-lib"
            },
            {
              "name": "out",
              "path": "/nix/store/ykwd69vhal2nlqrz9fjp2llcc86qqn03-jq-1.7.1"
            }
          ],
          "store_path": "/nix/store/ahpilzy1f17m9c7kbjvv7576zzbyy6qi-jq-1.7.1-bin"
        },
        "x86_64-darwin": {
          "outputs": [
            {
              "name": "bin",
              "path": "/nix/store/4x2l3ik7jcxp50fjydhwc79rk2gywpvy-jq-1.7.1-bin",
              "default": true
            },
            {
              "name": "man",
              "path": "/nix/store/apn118f0m6sj8lacqia105n16zsd1kwc-jq-1.7.1-man",
              "default": true
            },
            {
              "name": "dev",
              "path": "/nix/store/1sx3gvxj99s43akr3cab0c8fqpxg38a9-jq-1.7.1-dev"
            },
            {
              "name": "doc",
              "path": "/nix/store/a9z5vgyap84a7w75zcn8khc6r8x8fjfp-jq-1.7.1-doc"
            },
            {
              "name": "lib",
              "path": "/nix/store/5vrryfk2lyr6a1kfp5blag5nw2344gzf-jq-1.7.1-lib"
            },
            {
              "name": "out",
              "path": "/nix/store/q84a2fwgbzx706g9h8jwwq0i2h97bm0y-jq-1.7.1"
            }
          ],
          "store_path": "/nix/store/4x2l3ik7jcxp50fjydhwc79rk2gywpvy-jq-1.7.1-bin"
        },
        "x86_64-linux": {
          "outputs": [
            {
              "name": "bin",
              "path": "/nix/store/v0azfsqv58llx12jal5ngx3mj0rj7km6-jq-1.7.1-bin",
              "default": true
            },
            {
              "name": "man",
              "path": "/nix/store/wf6x2kh1m16nhbipglxiaazsa27ni58f-jq-1.7.1-man",
              "default": true
            },
            {
              "name": "out",
              "path": "/nix/store/wxxab7hxdagljsbcz2ma44mml0nv1jx0-jq-1.7.1"
            },
            {
              "name": "dev",
              "path": "/nix/store/3bg50gaw9hy1igq3sv4gndnvfmhwjgff-jq-1.7.1-dev"
            },
            {
              "name": "doc",
              "path": "/nix/store/sw45lawqiv53pc7pwv07bc7d8yhmya5a-jq-1.7.1-doc"
            },
            {
              "name": "lib",
              "path": "/nix/store/23jnqnvphk91kylc3gqcpdfy0m0ldz2j-jq-1.7.1-lib"
            }
          ],
          "store_path": "/nix/store/v0azfsqv58llx12jal5ngx3mj0rj7km6-jq-1.7.1-bin"
        }
      }
    },
    "kapp@latest": {
      "last_modified": "2025-01-19T08:16:51Z",
      "resolved": "github:NixOS/nixpkgs/50165c4f7eb48ce82bd063e1fb8047a0f515f8ce#kapp",
      "source": "devbox-search",
      "version": "0.64.0",
      "systems": {
        "aarch64-darwin": {
          "outputs": [
            {
              "name": "out",
              "path": "/nix/store/fr57yi9vrwjji298p708ssns066c0zpy-kapp-0.64.0",
              "default": true
            }
          ],
          "store_path": "/nix/store/fr57yi9vrwjji298p708ssns066c0zpy-kapp-0.64.0"
        },
        "aarch64-linux": {
          "outputs": [
            {
              "name": "out",
              "path": "/nix/store/qp2p5lklbi347bavlhcnvbl4snlbfgar-kapp-0.64.0",
              "default": true
            }
          ],
          "store_path": "/nix/store/qp2p5lklbi347bavlhcnvbl4snlbfgar-kapp-0.64.0"
        },
        "x86_64-darwin": {
          "outputs": [
            {
              "name": "out",
              "path": "/nix/store/ksp4fxqmm89jfv10ga9zaif32gk127sf-kapp-0.64.0",
              "default": true
            }
          ],
          "store_path": "/nix/store/ksp4fxqmm89jfv10ga9zaif32gk127sf-kapp-0.64.0"
        },
        "x86_64-linux": {
          "outputs": [
            {
              "name": "out",
              "path": "/nix/store/4ilps2hds48zb2inrk1zv2ck9gzjq382-kapp-0.64.0",
              "default": true
            }
          ],
          "store_path": "/nix/store/4ilps2hds48zb2inrk1zv2ck9gzjq382-kapp-0.64.0"
        }
      }
    },
    "kubectl@1.31.0": {
      "last_modified": "2024-10-13T23:44:06Z",
      "resolved": "github:NixOS/nixpkgs/d4f247e89f6e10120f911e2e2d2254a050d0f732#kubectl",
      "source": "devbox-search",
      "version": "1.31.0",
      "systems": {
        "aarch64-darwin": {
          "outputs": [
            {
              "name": "out",
              "path": "/nix/store/fai4gv26l2w6bpmwj16jxjxh35ix68ml-kubectl-1.31.0",
              "default": true
            },
            {
              "name": "man",
              "path": "/nix/store/mgn5j6li2mwqk91m5hfxsj46jqf9rh58-kubectl-1.31.0-man",
              "default": true
            },
            {
              "name": "convert",
              "path": "/nix/store/aaanrn2izxrazlc6z03sshaxdszhsb25-kubectl-1.31.0-convert"
            }
          ],
          "store_path": "/nix/store/fai4gv26l2w6bpmwj16jxjxh35ix68ml-kubectl-1.31.0"
        },
        "aarch64-linux": {
          "outputs": [
            {
              "name": "out",
              "path": "/nix/store/k7z6lpwr361g47w226brssr9az06m8wg-kubectl-1.31.0",
              "default": true
            },
            {
              "name": "man",
              "path": "/nix/store/ppi4zzafd8d7g2wa4gi0m11k2ja83q9z-kubectl-1.31.0-man",
              "default": true
            },
            {
              "name": "convert",
              "path": "/nix/store/vyg57m3vdg4f0rl9n81q1aasp5i33wla-kubectl-1.31.0-convert"
            }
          ],
          "store_path": "/nix/store/k7z6lpwr361g47w226brssr9az06m8wg-kubectl-1.31.0"
        },
        "x86_64-darwin": {
          "outputs": [
            {
              "name": "out",
              "path": "/nix/store/a6l653b5wzmif5vsjmb7g0p1z3z9lp39-kubectl-1.31.0",
              "default": true
            },
            {
              "name": "man",
              "path": "/nix/store/d1384hfgzrjhnq6r4wn73jpshvkvmr4c-kubectl-1.31.0-man",
              "default": true
            },
            {
              "name": "convert",
              "path": "/nix/store/gc0si099vdrlahjc33py74wmm3wqiymh-kubectl-1.31.0-convert"
            }
          ],
          "store_path": "/nix/store/a6l653b5wzmif5vsjmb7g0p1z3z9lp39-kubectl-1.31.0"
        },
        "x86_64-linux": {
          "outputs": [
            {
              "name": "out",
              "path": "/nix/store/jd22gixhisdwcrwhk0gmz50mhk267fv8-kubectl-1.31.0",
              "default": true
            },
            {
              "name": "man",
              "path": "/nix/store/25g9j89wa8cb67mgi0yhbp0d23jfcjnl-kubectl-1.31.0-man",
              "default": true
            },
            {
              "name": "convert",
              "path": "/nix/store/gl4m0mjkj8i7bmxqmfk63svffxsknz3k-kubectl-1.31.0-convert"
            }
          ],
          "store_path": "/nix/store/jd22gixhisdwcrwhk0gmz50mhk267fv8-kubectl-1.31.0"
        }
      }
    },
    "kubernetes-helm@latest": {
      "last_modified": "2024-10-26T14:05:56Z",
      "resolved": "github:NixOS/nixpkgs/4e0eec54db79d4d0909f45a88037210ff8eaffee#kubernetes-helm",
      "source": "devbox-search",
      "version": "3.16.2",
      "systems": {
        "aarch64-darwin": {
          "outputs": [
            {
              "name": "out",
              "path": "/nix/store/idlvhs4zs349wf77znrxxyshvcp4bd9l-kubernetes-helm-3.16.2",
              "default": true
            }
          ],
          "store_path": "/nix/store/idlvhs4zs349wf77znrxxyshvcp4bd9l-kubernetes-helm-3.16.2"
        },
        "aarch64-linux": {
          "outputs": [
            {
              "name": "out",
              "path": "/nix/store/6mn1p7dq1x7cp29jf7jrzk45l4zc39xa-kubernetes-helm-3.16.2",
              "default": true
            }
          ],
          "store_path": "/nix/store/6mn1p7dq1x7cp29jf7jrzk45l4zc39xa-kubernetes-helm-3.16.2"
        },
        "x86_64-darwin": {
          "outputs": [
            {
              "name": "out",
              "path": "/nix/store/ms18g5bs5xpzncxgkm89xa9s33g5zcpr-kubernetes-helm-3.16.2",
              "default": true
            }
          ],
          "store_path": "/nix/store/ms18g5bs5xpzncxgkm89xa9s33g5zcpr-kubernetes-helm-3.16.2"
        },
        "x86_64-linux": {
          "outputs": [
            {
              "name": "out",
              "path": "/nix/store/d54j0f8sr1mmkwhlvq8y7148vm4qlivd-kubernetes-helm-3.16.2",
              "default": true
            }
          ],
          "store_path": "/nix/store/d54j0f8sr1mmkwhlvq8y7148vm4qlivd-kubernetes-helm-3.16.2"
        }
      }
    },
    "kubeseal@latest": {
      "last_modified": "2024-10-13T23:44:06Z",
      "resolved": "github:NixOS/nixpkgs/d4f247e89f6e10120f911e2e2d2254a050d0f732#kubeseal",
      "source": "devbox-search",
      "version": "0.27.1",
      "systems": {
        "aarch64-darwin": {
          "outputs": [
            {
              "name": "out",
              "path": "/nix/store/rgs61qgrslm140s1n81srr3j5fzrzbfz-kubeseal-0.27.1",
              "default": true
            }
          ],
          "store_path": "/nix/store/rgs61qgrslm140s1n81srr3j5fzrzbfz-kubeseal-0.27.1"
        },
        "aarch64-linux": {
          "outputs": [
            {
              "name": "out",
              "path": "/nix/store/s8impzdvsf1dr8l8wiaw4ivykhihc2sf-kubeseal-0.27.1",
              "default": true
            }
          ],
          "store_path": "/nix/store/s8impzdvsf1dr8l8wiaw4ivykhihc2sf-kubeseal-0.27.1"
        },
        "x86_64-darwin": {
          "outputs": [
            {
              "name": "out",
              "path": "/nix/store/fa2psni938g121kdavl3qpgqrxdz8a55-kubeseal-0.27.1",
              "default": true
            }
          ],
          "store_path": "/nix/store/fa2psni938g121kdavl3qpgqrxdz8a55-kubeseal-0.27.1"
        },
        "x86_64-linux": {
          "outputs": [
            {
              "name": "out",
              "path": "/nix/store/jkwm6y75wa30mk5078a9i1incx1ldak9-kubeseal-0.27.1",
              "default": true
            }
          ],
          "store_path": "/nix/store/jkwm6y75wa30mk5078a9i1incx1ldak9-kubeseal-0.27.1"
        }
      }
    },
    "kustomize@latest": {
      "last_modified": "2024-10-17T04:50:07Z",
      "resolved": "github:NixOS/nixpkgs/1bde3e8e37a72989d4d455adde764d45f45dc11c#kustomize",
      "source": "devbox-search",
      "version": "5.5.0",
      "systems": {
        "aarch64-darwin": {
          "outputs": [
            {
              "name": "out",
              "path": "/nix/store/q3ii4n7p6n78bc28c87b8392rrbhmf7p-kustomize-5.5.0",
              "default": true
            }
          ],
          "store_path": "/nix/store/q3ii4n7p6n78bc28c87b8392rrbhmf7p-kustomize-5.5.0"
        },
        "aarch64-linux": {
          "outputs": [
            {
              "name": "out",
              "path": "/nix/store/kmgac3ra8d87xm6yfry4wm3n81srhvw1-kustomize-5.5.0",
              "default": true
            }
          ],
          "store_path": "/nix/store/kmgac3ra8d87xm6yfry4wm3n81srhvw1-kustomize-5.5.0"
        },
        "x86_64-darwin": {
          "outputs": [
            {
              "name": "out",
              "path": "/nix/store/56icb6vp8s4scq3fk9dx8l76vrg70l70-kustomize-5.5.0",
              "default": true
            }
          ],
          "store_path": "/nix/store/56icb6vp8s4scq3fk9dx8l76vrg70l70-kustomize-5.5.0"
        },
        "x86_64-linux": {
          "outputs": [
            {
              "name": "out",
              "path": "/nix/store/7xnnkvr10l95hd617mgcbag56frrxma4-kustomize-5.5.0",
              "default": true
            }
          ],
          "store_path": "/nix/store/7xnnkvr10l95hd617mgcbag56frrxma4-kustomize-5.5.0"
        }
      }
    },
    "pre-commit@latest": {
      "last_modified": "2024-10-16T02:16:09Z",
      "resolved": "github:NixOS/nixpkgs/70cc7b62f2b448a487de36e1fd714693c59c4719#pre-commit",
      "source": "devbox-search",
      "version": "3.7.1",
      "systems": {
        "aarch64-darwin": {
          "outputs": [
            {
              "name": "out",
              "path": "/nix/store/flzj4pzl43m29ml7brh4gabw9rxrvrml-pre-commit-3.7.1",
              "default": true
            },
            {
              "name": "dist",
              "path": "/nix/store/87dhz8r6jwy3487h78bbivhw9mg8g8h9-pre-commit-3.7.1-dist"
            }
          ],
          "store_path": "/nix/store/flzj4pzl43m29ml7brh4gabw9rxrvrml-pre-commit-3.7.1"
        },
        "aarch64-linux": {
          "outputs": [
            {
              "name": "out",
              "path": "/nix/store/jddjbmxg9rlawirkr8pg9dlj0xma9w1q-pre-commit-3.7.1",
              "default": true
            },
            {
              "name": "dist",
              "path": "/nix/store/2lpy8sfhcnn33ia5c77g5gyg1zz6b0qg-pre-commit-3.7.1-dist"
            }
          ],
          "store_path": "/nix/store/jddjbmxg9rlawirkr8pg9dlj0xma9w1q-pre-commit-3.7.1"
        },
        "x86_64-darwin": {
          "outputs": [
            {
              "name": "out",
              "path": "/nix/store/2ycxh3vvj0b1bk2pgj84jg88l49hbwq3-pre-commit-3.7.1",
              "default": true
            },
            {
              "name": "dist",
              "path": "/nix/store/0wfmhzk48ziaw6vd26shy5mjazg9qsjc-pre-commit-3.7.1-dist"
            }
          ],
          "store_path": "/nix/store/2ycxh3vvj0b1bk2pgj84jg88l49hbwq3-pre-commit-3.7.1"
        },
        "x86_64-linux": {
          "outputs": [
            {
              "name": "out",
              "path": "/nix/store/zp9vk1y2fzlavzaz67ikipgh9hq58pxr-pre-commit-3.7.1",
              "default": true
            },
            {
              "name": "dist",
              "path": "/nix/store/k3hc0dqi88iik1n1kjc9ddp6rf9wp11v-pre-commit-3.7.1-dist"
            }
          ],
          "store_path": "/nix/store/zp9vk1y2fzlavzaz67ikipgh9hq58pxr-pre-commit-3.7.1"
        }
      }
    },
    "talosctl@1.9.2": {
      "last_modified": "2025-01-21T12:51:11Z",
      "resolved": "github:NixOS/nixpkgs/e1996d7bdaf4eafdb85690079b9e02b25dc14e4f#talosctl",
      "source": "devbox-search",
      "version": "1.9.2",
      "systems": {
        "aarch64-darwin": {
          "outputs": [
            {
              "name": "out",
              "path": "/nix/store/660wz05k0j1hsn290q0irqb2lh4zj4c1-talosctl-1.9.2",
              "default": true
            }
          ],
          "store_path": "/nix/store/660wz05k0j1hsn290q0irqb2lh4zj4c1-talosctl-1.9.2"
        },
        "aarch64-linux": {
          "outputs": [
            {
              "name": "out",
              "path": "/nix/store/pzsn6lyng4sra5rc1ljh7wzkzqli40kp-talosctl-1.9.2",
              "default": true
            }
          ],
          "store_path": "/nix/store/pzsn6lyng4sra5rc1ljh7wzkzqli40kp-talosctl-1.9.2"
        },
        "x86_64-darwin": {
          "outputs": [
            {
              "name": "out",
              "path": "/nix/store/nw5xdhi21xyalyy9p9lazbl2yyghb365-talosctl-1.9.2",
              "default": true
            }
          ],
          "store_path": "/nix/store/nw5xdhi21xyalyy9p9lazbl2yyghb365-talosctl-1.9.2"
        },
        "x86_64-linux": {
          "outputs": [
            {
              "name": "out",
              "path": "/nix/store/5jjgr064pdlk1xb7p76ibbkdqppcpj20-talosctl-1.9.2",
              "default": true
            }
          ],
          "store_path": "/nix/store/5jjgr064pdlk1xb7p76ibbkdqppcpj20-talosctl-1.9.2"
        }
      }
    },
    "yamllint@latest": {
      "last_modified": "2024-10-13T23:44:06Z",
      "resolved": "github:NixOS/nixpkgs/d4f247e89f6e10120f911e2e2d2254a050d0f732#yamllint",
      "source": "devbox-search",
      "version": "1.35.1",
      "systems": {
        "aarch64-darwin": {
          "outputs": [
            {
              "name": "out",
              "path": "/nix/store/xirbp72qqmvr3bcagh5haha5s7a99m0k-python3.12-yamllint-1.35.1",
              "default": true
            },
            {
              "name": "dist",
              "path": "/nix/store/6k3h509hwsrv5w6qcrskjydxfy0y1mdj-python3.12-yamllint-1.35.1-dist"
            }
          ],
          "store_path": "/nix/store/xirbp72qqmvr3bcagh5haha5s7a99m0k-python3.12-yamllint-1.35.1"
        },
        "aarch64-linux": {
          "outputs": [
            {
              "name": "out",
              "path": "/nix/store/dq896v1yc0jm7c560cfyg3lcdiv5gnvf-python3.12-yamllint-1.35.1",
              "default": true
            },
            {
              "name": "dist",
              "path": "/nix/store/6hh3gx8xcrksbczvk1n105lk2c9s7aq6-python3.12-yamllint-1.35.1-dist"
            }
          ],
          "store_path": "/nix/store/dq896v1yc0jm7c560cfyg3lcdiv5gnvf-python3.12-yamllint-1.35.1"
        },
        "x86_64-darwin": {
          "outputs": [
            {
              "name": "out",
              "path": "/nix/store/3vnklgsmqslbx4bpsfymsjpqiwmcy6qb-python3.12-yamllint-1.35.1",
              "default": true
            },
            {
              "name": "dist",
              "path": "/nix/store/5ns6js95dkdl2ljjixvvdpy047cjvj4m-python3.12-yamllint-1.35.1-dist"
            }
          ],
          "store_path": "/nix/store/3vnklgsmqslbx4bpsfymsjpqiwmcy6qb-python3.12-yamllint-1.35.1"
        },
        "x86_64-linux": {
          "outputs": [
            {
              "name": "out",
              "path": "/nix/store/9d36gya918jakxl7a7xsf55qnjgnx3nd-python3.12-yamllint-1.35.1",
              "default": true
            },
            {
              "name": "dist",
              "path": "/nix/store/d8wah9g42d88crrq1bmpnaa2cq4nhqcz-python3.12-yamllint-1.35.1-dist"
            }
          ],
          "store_path": "/nix/store/9d36gya918jakxl7a7xsf55qnjgnx3nd-python3.12-yamllint-1.35.1"
        }
      }
    },
    "yq-go@latest": {
      "last_modified": "2024-11-17T04:10:55Z",
      "resolved": "github:NixOS/nixpkgs/0a14706530dcb90acecb81ce0da219d88baaae75#yq-go",
      "source": "devbox-search",
      "version": "4.44.5",
      "systems": {
        "aarch64-darwin": {
          "outputs": [
            {
              "name": "out",
              "path": "/nix/store/xk2ypndx28w4dmvz69qgsv4y1xj14zr5-yq-go-4.44.5",
              "default": true
            }
          ],
          "store_path": "/nix/store/xk2ypndx28w4dmvz69qgsv4y1xj14zr5-yq-go-4.44.5"
        },
        "aarch64-linux": {
          "outputs": [
            {
              "name": "out",
              "path": "/nix/store/q1hdxc2zgzij7gxpv5g7cjq1j6ibzmxl-yq-go-4.44.5",
              "default": true
            }
          ],
          "store_path": "/nix/store/q1hdxc2zgzij7gxpv5g7cjq1j6ibzmxl-yq-go-4.44.5"
        },
        "x86_64-darwin": {
          "outputs": [
            {
              "name": "out",
              "path": "/nix/store/r7y0xb4pkdp2rdw0a0db06f84rwi4pri-yq-go-4.44.5",
              "default": true
            }
          ],
          "store_path": "/nix/store/r7y0xb4pkdp2rdw0a0db06f84rwi4pri-yq-go-4.44.5"
        },
        "x86_64-linux": {
          "outputs": [
            {
              "name": "out",
              "path": "/nix/store/i4x11x3x4x8kn416h734jnxdbh8fdxil-yq-go-4.44.5",
              "default": true
            }
          ],
          "store_path": "/nix/store/i4x11x3x4x8kn416h734jnxdbh8fdxil-yq-go-4.44.5"
        }
      }
    }
  }
}
